
Microsoft Visual Studio Solution File, Format Version 12.00
# Visual Studio 2013
VisualStudioVersion = 12.0.30723.0
MinimumVisualStudioVersion = 10.0.40219.1
Project("{FAE04EC0-301F-11D3-BF4B-00C04F79EFBC}") = "SafeNet.Core", "SafeNet.Core\SafeNet.Core.csproj", "{A1F5BB3C-C965-458A-8833-B2C51292CF3F}"
EndProject
Project("{FAE04EC0-301F-11D3-BF4B-00C04F79EFBC}") = "SafeNet.Acl", "SafeNet.Acl\SafeNet.Acl.csproj", "{9A0AE906-397D-46DA-8B49-40FDC6E8C715}"
EndProject
Project("{FAE04EC0-301F-11D3-BF4B-00C04F79EFBC}") = "SafeNet.Acl.Test", "SafeNet.Acl.Test\SafeNet.Acl.Test.csproj", "{22B0D532-5E19-40A4-90F5-1FBD36F8C32A}"
EndProject
Project("{FAE04EC0-301F-11D3-BF4B-00C04F79EFBC}") = "SafeNet.Test.Common", "SafeNet.Test.Common\SafeNet.Test.Common.csproj", "{B30467C8-B479-4318-87CF-C7CFBD0E2C98}"
EndProject
Project("{2150E333-8FDC-42A3-9474-1A3956D46DE8}") = ".nuget", ".nuget", "{FB668014-9936-46DC-A9CF-CBCAF5AA64BF}"
	ProjectSection(SolutionItems) = preProject
		.nuget\NuGet.Config = .nuget\NuGet.Config
		.nuget\NuGet.exe = .nuget\NuGet.exe
		.nuget\NuGet.targets = .nuget\NuGet.targets
	EndProjectSection
EndProject
Global
	GlobalSection(SolutionConfigurationPlatforms) = preSolution
		Debug|Any CPU = Debug|Any CPU
		Release|Any CPU = Release|Any CPU
	EndGlobalSection
	GlobalSection(ProjectConfigurationPlatforms) = postSolution
		{A1F5BB3C-C965-458A-8833-B2C51292CF3F}.Debug|Any CPU.ActiveCfg = Debug|Any CPU
		{A1F5BB3C-C965-458A-8833-B2C51292CF3F}.Debug|Any CPU.Build.0 = Debug|Any CPU
		{A1F5BB3C-C965-458A-8833-B2C51292CF3F}.Release|Any CPU.ActiveCfg = Release|Any CPU
		{A1F5BB3C-C965-458A-8833-B2C51292CF3F}.Release|Any CPU.Build.0 = Release|Any CPU
		{9A0AE906-397D-46DA-8B49-40FDC6E8C715}.Debug|Any CPU.ActiveCfg = Debug|Any CPU
		{9A0AE906-397D-46DA-8B49-40FDC6E8C715}.Debug|Any CPU.Build.0 = Debug|Any CPU
		{9A0AE906-397D-46DA-8B49-40FDC6E8C715}.Release|Any CPU.ActiveCfg = Release|Any CPU
		{9A0AE906-397D-46DA-8B49-40FDC6E8C715}.Release|Any CPU.Build.0 = Release|Any CPU
		{22B0D532-5E19-40A4-90F5-1FBD36F8C32A}.Debug|Any CPU.ActiveCfg = Debug|Any CPU
		{22B0D532-5E19-40A4-90F5-1FBD36F8C32A}.Debug|Any CPU.Build.0 = Debug|Any CPU
		{22B0D532-5E19-40A4-90F5-1FBD36F8C32A}.Release|Any CPU.ActiveCfg = Release|Any CPU
		{22B0D532-5E19-40A4-90F5-1FBD36F8C32A}.Release|Any CPU.Build.0 = Release|Any CPU
		{B30467C8-B479-4318-87CF-C7CFBD0E2C98}.Debug|Any CPU.ActiveCfg = Debug|Any CPU
		{B30467C8-B479-4318-87CF-C7CFBD0E2C98}.Debug|Any CPU.Build.0 = Debug|Any CPU
		{B30467C8-B479-4318-87CF-C7CFBD0E2C98}.Release|Any CPU.ActiveCfg = Release|Any CPU
		{B30467C8-B479-4318-87CF-C7CFBD0E2C98}.Release|Any CPU.Build.0 = Release|Any CPU
	EndGlobalSection
	GlobalSection(SolutionProperties) = preSolution
		HideSolutionNode = FALSE
	EndGlobalSection
EndGlobal
